
Microsoft Visual Studio Solution File, Format Version 12.00
# Visual Studio Version 16
VisualStudioVersion = 16.0.32407.337
MinimumVisualStudioVersion = 10.0.40219.1
Project("{FAE04EC0-301F-11D3-BF4B-00C04F79EFBC}") = "Tenmo2", "Tenmo2\Tenmo2.csproj", "{945B37CC-0FE1-49EB-A743-3C76A1D54641}"
EndProject
Global
	GlobalSection(SolutionConfigurationPlatforms) = preSolution
		Debug|Any CPU = Debug|Any CPU
		Release|Any CPU = Release|Any CPU
	EndGlobalSection
	GlobalSection(ProjectConfigurationPlatforms) = postSolution
		{945B37CC-0FE1-49EB-A743-3C76A1D54641}.Debug|Any CPU.ActiveCfg = Debug|Any CPU
		{945B37CC-0FE1-49EB-A743-3C76A1D54641}.Debug|Any CPU.Build.0 = Debug|Any CPU
		{945B37CC-0FE1-49EB-A743-3C76A1D54641}.Release|Any CPU.ActiveCfg = Release|Any CPU
		{945B37CC-0FE1-49EB-A743-3C76A1D54641}.Release|Any CPU.Build.0 = Release|Any CPU
	EndGlobalSection
	GlobalSection(SolutionProperties) = preSolution
		HideSolutionNode = FALSE
	EndGlobalSection
	GlobalSection(ExtensibilityGlobals) = postSolution
		SolutionGuid = {DC2371A8-DA73-4AA4-8314-243E13D9EB48}
	EndGlobalSection
EndGlobal
